Microsoft Visual Studio Solution File, Format Version 12.00
# Visual Studio Version 17
VisualStudioVersion = 17.0.31912.275
MinimumVisualStudioVersion = 15.0.26124.0
Project("{D954291E-2A0B-460D-934E-DC6B0785DB48}") = "CsvSplitter.Shared", "CsvSplitter.Shared\CsvSplitter.Shared.shproj", "{6279C845-92F8-4333-AB99-3D213163593C}"
EndProject
Project("{9A19103F-16F7-4668-BE54-9A1E7A4F7556}") = "CsvSplitter.WPF", "CsvSplitter.WPF\CsvSplitter.WPF.csproj", "{3763F493-0D44-4629-80E3-6AA55C66E7D2}"
EndProject
Project("{9A19103F-16F7-4668-BE54-9A1E7A4F7556}") = "CsvSplitter.Wpf.Host", "CsvSplitter.WPF.Host\CsvSplitter.Wpf.Host.csproj", "{6CF284A4-22B1-4F05-97F4-F095C07A598E}"
EndProject
Project("{54435603-DBB4-11D2-8724-00A0C9A8B90C}") = "CsvSplitter.Installer", "CsvSplitter.Installer\CsvSplitter.Installer.vdproj", "{E4F273C2-B8B8-43CE-B131-2816EC5CE3E5}"
EndProject
Global
	GlobalSection(SharedMSBuildProjectFiles) = preSolution
		CsvSplitter.Shared\CsvSplitter.Shared.projitems*{3763f493-0d44-4629-80e3-6aa55c66e7d2}*SharedItemsImports = 5
		CsvSplitter.Shared\CsvSplitter.Shared.projitems*{6279c845-92f8-4333-ab99-3d213163593c}*SharedItemsImports = 13
	EndGlobalSection
	GlobalSection(SolutionConfigurationPlatforms) = preSolution
		Debug|Any CPU = Debug|Any CPU
		Debug|ARM = Debug|ARM
		Debug|ARM64 = Debug|ARM64
		Debug|iPhone = Debug|iPhone
		Debug|iPhoneSimulator = Debug|iPhoneSimulator
		Debug|x64 = Debug|x64
		Debug|x86 = Debug|x86
		Release|Any CPU = Release|Any CPU
		Release|ARM = Release|ARM
		Release|ARM64 = Release|ARM64
		Release|iPhone = Release|iPhone
		Release|iPhoneSimulator = Release|iPhoneSimulator
		Release|x64 = Release|x64
		Release|x86 = Release|x86
	EndGlobalSection
	GlobalSection(ProjectConfigurationPlatforms) = postSolution
		{3763F493-0D44-4629-80E3-6AA55C66E7D2}.Debug|Any CPU.ActiveCfg = Debug|Any CPU
		{3763F493-0D44-4629-80E3-6AA55C66E7D2}.Debug|Any CPU.Build.0 = Debug|Any CPU
		{3763F493-0D44-4629-80E3-6AA55C66E7D2}.Debug|Any CPU.Deploy.0 = Debug|Any CPU
		{3763F493-0D44-4629-80E3-6AA55C66E7D2}.Debug|ARM.ActiveCfg = Debug|Any CPU
		{3763F493-0D44-4629-80E3-6AA55C66E7D2}.Debug|ARM.Build.0 = Debug|Any CPU
		{3763F493-0D44-4629-80E3-6AA55C66E7D2}.Debug|ARM.Deploy.0 = Debug|Any CPU
		{3763F493-0D44-4629-80E3-6AA55C66E7D2}.Debug|ARM64.ActiveCfg = Debug|Any CPU
		{3763F493-0D44-4629-80E3-6AA55C66E7D2}.Debug|ARM64.Build.0 = Debug|Any CPU
		{3763F493-0D44-4629-80E3-6AA55C66E7D2}.Debug|ARM64.Deploy.0 = Debug|Any CPU
		{3763F493-0D44-4629-80E3-6AA55C66E7D2}.Debug|iPhone.ActiveCfg = Debug|Any CPU
		{3763F493-0D44-4629-80E3-6AA55C66E7D2}.Debug|iPhone.Build.0 = Debug|Any CPU
		{3763F493-0D44-4629-80E3-6AA55C66E7D2}.Debug|iPhone.Deploy.0 = Debug|Any CPU
		{3763F493-0D44-4629-80E3-6AA55C66E7D2}.Debug|iPhoneSimulator.ActiveCfg = Debug|Any CPU
		{3763F493-0D44-4629-80E3-6AA55C66E7D2}.Debug|iPhoneSimulator.Build.0 = Debug|Any CPU
		{3763F493-0D44-4629-80E3-6AA55C66E7D2}.Debug|iPhoneSimulator.Deploy.0 = Debug|Any CPU
		{3763F493-0D44-4629-80E3-6AA55C66E7D2}.Debug|x64.ActiveCfg = Debug|Any CPU
		{3763F493-0D44-4629-80E3-6AA55C66E7D2}.Debug|x64.Build.0 = Debug|Any CPU
		{3763F493-0D44-4629-80E3-6AA55C66E7D2}.Debug|x64.Deploy.0 = Debug|Any CPU
		{3763F493-0D44-4629-80E3-6AA55C66E7D2}.Debug|x86.ActiveCfg = Debug|Any CPU
		{3763F493-0D44-4629-80E3-6AA55C66E7D2}.Debug|x86.Build.0 = Debug|Any CPU
		{3763F493-0D44-4629-80E3-6AA55C66E7D2}.Debug|x86.Deploy.0 = Debug|Any CPU
		{3763F493-0D44-4629-80E3-6AA55C66E7D2}.Release|Any CPU.ActiveCfg = Release|Any CPU
		{3763F493-0D44-4629-80E3-6AA55C66E7D2}.Release|Any CPU.Build.0 = Release|Any CPU
		{3763F493-0D44-4629-80E3-6AA55C66E7D2}.Release|ARM.ActiveCfg = Release|Any CPU
		{3763F493-0D44-4629-80E3-6AA55C66E7D2}.Release|ARM.Build.0 = Release|Any CPU
		{3763F493-0D44-4629-80E3-6AA55C66E7D2}.Release|ARM.Deploy.0 = Release|Any CPU
		{3763F493-0D44-4629-80E3-6AA55C66E7D2}.Release|ARM64.ActiveCfg = Release|Any CPU
		{3763F493-0D44-4629-80E3-6AA55C66E7D2}.Release|ARM64.Build.0 = Release|Any CPU
		{3763F493-0D44-4629-80E3-6AA55C66E7D2}.Release|ARM64.Deploy.0 = Release|Any CPU
		{3763F493-0D44-4629-80E3-6AA55C66E7D2}.Release|iPhone.ActiveCfg = Release|Any CPU
		{3763F493-0D44-4629-80E3-6AA55C66E7D2}.Release|iPhone.Build.0 = Release|Any CPU
		{3763F493-0D44-4629-80E3-6AA55C66E7D2}.Release|iPhoneSimulator.ActiveCfg = Release|Any CPU
		{3763F493-0D44-4629-80E3-6AA55C66E7D2}.Release|iPhoneSimulator.Build.0 = Release|Any CPU
		{3763F493-0D44-4629-80E3-6AA55C66E7D2}.Release|iPhoneSimulator.Deploy.0 = Release|Any CPU
		{3763F493-0D44-4629-80E3-6AA55C66E7D2}.Release|x64.ActiveCfg = Release|Any CPU
		{3763F493-0D44-4629-80E3-6AA55C66E7D2}.Release|x64.Build.0 = Release|Any CPU
		{3763F493-0D44-4629-80E3-6AA55C66E7D2}.Release|x64.Deploy.0 = Release|Any CPU
		{3763F493-0D44-4629-80E3-6AA55C66E7D2}.Release|x86.ActiveCfg = Release|Any CPU
		{3763F493-0D44-4629-80E3-6AA55C66E7D2}.Release|x86.Build.0 = Release|Any CPU
		{3763F493-0D44-4629-80E3-6AA55C66E7D2}.Release|x86.Deploy.0 = Release|Any CPU
		{6CF284A4-22B1-4F05-97F4-F095C07A598E}.Debug|Any CPU.ActiveCfg = Debug|Any CPU
		{6CF284A4-22B1-4F05-97F4-F095C07A598E}.Debug|Any CPU.Build.0 = Debug|Any CPU
		{6CF284A4-22B1-4F05-97F4-F095C07A598E}.Debug|ARM.ActiveCfg = Debug|Any CPU
		{6CF284A4-22B1-4F05-97F4-F095C07A598E}.Debug|ARM.Build.0 = Debug|Any CPU
		{6CF284A4-22B1-4F05-97F4-F095C07A598E}.Debug|ARM64.ActiveCfg = Debug|Any CPU
		{6CF284A4-22B1-4F05-97F4-F095C07A598E}.Debug|ARM64.Build.0 = Debug|Any CPU
		{6CF284A4-22B1-4F05-97F4-F095C07A598E}.Debug|iPhone.ActiveCfg = Debug|Any CPU
		{6CF284A4-22B1-4F05-97F4-F095C07A598E}.Debug|iPhone.Build.0 = Debug|Any CPU
		{6CF284A4-22B1-4F05-97F4-F095C07A598E}.Debug|iPhoneSimulator.ActiveCfg = Debug|Any CPU
		{6CF284A4-22B1-4F05-97F4-F095C07A598E}.Debug|iPhoneSimulator.Build.0 = Debug|Any CPU
		{6CF284A4-22B1-4F05-97F4-F095C07A598E}.Debug|x64.ActiveCfg = Debug|Any CPU
		{6CF284A4-22B1-4F05-97F4-F095C07A598E}.Debug|x64.Build.0 = Debug|Any CPU
		{6CF284A4-22B1-4F05-97F4-F095C07A598E}.Debug|x86.ActiveCfg = Debug|Any CPU
		{6CF284A4-22B1-4F05-97F4-F095C07A598E}.Debug|x86.Build.0 = Debug|Any CPU
		{6CF284A4-22B1-4F05-97F4-F095C07A598E}.Release|Any CPU.ActiveCfg = Release|Any CPU
		{6CF284A4-22B1-4F05-97F4-F095C07A598E}.Release|Any CPU.Build.0 = Release|Any CPU
		{6CF284A4-22B1-4F05-97F4-F095C07A598E}.Release|ARM.ActiveCfg = Release|Any CPU
		{6CF284A4-22B1-4F05-97F4-F095C07A598E}.Release|ARM.Build.0 = Release|Any CPU
		{6CF284A4-22B1-4F05-97F4-F095C07A598E}.Release|ARM64.ActiveCfg = Release|Any CPU
		{6CF284A4-22B1-4F05-97F4-F095C07A598E}.Release|ARM64.Build.0 = Release|Any CPU
		{6CF284A4-22B1-4F05-97F4-F095C07A598E}.Release|iPhone.ActiveCfg = Release|Any CPU
		{6CF284A4-22B1-4F05-97F4-F095C07A598E}.Release|iPhone.Build.0 = Release|Any CPU
		{6CF284A4-22B1-4F05-97F4-F095C07A598E}.Release|iPhoneSimulator.ActiveCfg = Release|Any CPU
		{6CF284A4-22B1-4F05-97F4-F095C07A598E}.Release|iPhoneSimulator.Build.0 = Release|Any CPU
		{6CF284A4-22B1-4F05-97F4-F095C07A598E}.Release|x64.ActiveCfg = Release|Any CPU
		{6CF284A4-22B1-4F05-97F4-F095C07A598E}.Release|x64.Build.0 = Release|Any CPU
		{6CF284A4-22B1-4F05-97F4-F095C07A598E}.Release|x86.ActiveCfg = Release|Any CPU
		{6CF284A4-22B1-4F05-97F4-F095C07A598E}.Release|x86.Build.0 = Release|Any CPU
		{E4F273C2-B8B8-43CE-B131-2816EC5CE3E5}.Debug|Any CPU.ActiveCfg = Debug
		{E4F273C2-B8B8-43CE-B131-2816EC5CE3E5}.Debug|ARM.ActiveCfg = Debug
		{E4F273C2-B8B8-43CE-B131-2816EC5CE3E5}.Debug|ARM64.ActiveCfg = Debug
		{E4F273C2-B8B8-43CE-B131-2816EC5CE3E5}.Debug|iPhone.ActiveCfg = Debug
		{E4F273C2-B8B8-43CE-B131-2816EC5CE3E5}.Debug|iPhoneSimulator.ActiveCfg = Debug
		{E4F273C2-B8B8-43CE-B131-2816EC5CE3E5}.Debug|x64.ActiveCfg = Debug
		{E4F273C2-B8B8-43CE-B131-2816EC5CE3E5}.Debug|x86.ActiveCfg = Debug
		{E4F273C2-B8B8-43CE-B131-2816EC5CE3E5}.Release|Any CPU.ActiveCfg = Release
		{E4F273C2-B8B8-43CE-B131-2816EC5CE3E5}.Release|ARM.ActiveCfg = Release
		{E4F273C2-B8B8-43CE-B131-2816EC5CE3E5}.Release|ARM64.ActiveCfg = Release
		{E4F273C2-B8B8-43CE-B131-2816EC5CE3E5}.Release|iPhone.ActiveCfg = Release
		{E4F273C2-B8B8-43CE-B131-2816EC5CE3E5}.Release|iPhoneSimulator.ActiveCfg = Release
		{E4F273C2-B8B8-43CE-B131-2816EC5CE3E5}.Release|x64.ActiveCfg = Release
		{E4F273C2-B8B8-43CE-B131-2816EC5CE3E5}.Release|x86.ActiveCfg = Release
	EndGlobalSection
	GlobalSection(SolutionProperties) = preSolution
		HideSolutionNode = FALSE
	EndGlobalSection
	GlobalSection(ExtensibilityGlobals) = postSolution
		SolutionGuid = {C7433AE2-B1A0-4C1A-887E-5CAA7AAF67A6}
	EndGlobalSection
EndGlobal
