
Microsoft Visual Studio Solution File, Format Version 12.00
# Visual Studio Version 17
VisualStudioVersion = 17.0.31912.275
MinimumVisualStudioVersion = 10.0.40219.1
Project("{D954291E-2A0B-460D-934E-DC6B0785DB48}") = "CsvSplitter.Shared", "CsvSplitter.Shared\CsvSplitter.Shared.shproj", "{6279C845-92F8-4333-AB99-3D213163593C}"
EndProject
Project("{FAE04EC0-301F-11D3-BF4B-00C04F79EFBC}") = "CsvSplitter.UWP", "CsvSplitter.UWP\CsvSplitter.UWP.csproj", "{F55199EE-8907-47A3-A3F6-EE8B03801884}"
EndProject
Global
	GlobalSection(SharedMSBuildProjectFiles) = preSolution
		CsvSplitter.Shared\CsvSplitter.Shared.projitems*{6279c845-92f8-4333-ab99-3d213163593c}*SharedItemsImports = 13
		CsvSplitter.Shared\CsvSplitter.Shared.projitems*{f55199ee-8907-47a3-a3f6-ee8b03801884}*SharedItemsImports = 4
	EndGlobalSection
	GlobalSection(SolutionConfigurationPlatforms) = preSolution
		Debug|Any CPU = Debug|Any CPU
		Debug|ARM = Debug|ARM
		Debug|ARM64 = Debug|ARM64
		Debug|x64 = Debug|x64
		Debug|x86 = Debug|x86
		Release|Any CPU = Release|Any CPU
		Release|ARM = Release|ARM
		Release|ARM64 = Release|ARM64
		Release|x64 = Release|x64
		Release|x86 = Release|x86
	EndGlobalSection
	GlobalSection(ProjectConfigurationPlatforms) = postSolution
		{F55199EE-8907-47A3-A3F6-EE8B03801884}.Debug|Any CPU.ActiveCfg = Debug|x64
		{F55199EE-8907-47A3-A3F6-EE8B03801884}.Debug|Any CPU.Build.0 = Debug|x64
		{F55199EE-8907-47A3-A3F6-EE8B03801884}.Debug|Any CPU.Deploy.0 = Debug|x64
		{F55199EE-8907-47A3-A3F6-EE8B03801884}.Debug|ARM.ActiveCfg = Debug|ARM
		{F55199EE-8907-47A3-A3F6-EE8B03801884}.Debug|ARM.Build.0 = Debug|ARM
		{F55199EE-8907-47A3-A3F6-EE8B03801884}.Debug|ARM.Deploy.0 = Debug|ARM
		{F55199EE-8907-47A3-A3F6-EE8B03801884}.Debug|ARM64.ActiveCfg = Debug|ARM64
		{F55199EE-8907-47A3-A3F6-EE8B03801884}.Debug|ARM64.Build.0 = Debug|ARM64
		{F55199EE-8907-47A3-A3F6-EE8B03801884}.Debug|ARM64.Deploy.0 = Debug|ARM64
		{F55199EE-8907-47A3-A3F6-EE8B03801884}.Debug|x64.ActiveCfg = Debug|x64
		{F55199EE-8907-47A3-A3F6-EE8B03801884}.Debug|x64.Build.0 = Debug|x64
		{F55199EE-8907-47A3-A3F6-EE8B03801884}.Debug|x64.Deploy.0 = Debug|x64
		{F55199EE-8907-47A3-A3F6-EE8B03801884}.Debug|x86.ActiveCfg = Debug|x86
		{F55199EE-8907-47A3-A3F6-EE8B03801884}.Debug|x86.Build.0 = Debug|x86
		{F55199EE-8907-47A3-A3F6-EE8B03801884}.Debug|x86.Deploy.0 = Debug|x86
		{F55199EE-8907-47A3-A3F6-EE8B03801884}.Release|Any CPU.ActiveCfg = Release|x64
		{F55199EE-8907-47A3-A3F6-EE8B03801884}.Release|Any CPU.Build.0 = Release|x64
		{F55199EE-8907-47A3-A3F6-EE8B03801884}.Release|Any CPU.Deploy.0 = Release|x64
		{F55199EE-8907-47A3-A3F6-EE8B03801884}.Release|ARM.ActiveCfg = Release|ARM
		{F55199EE-8907-47A3-A3F6-EE8B03801884}.Release|ARM.Build.0 = Release|ARM
		{F55199EE-8907-47A3-A3F6-EE8B03801884}.Release|ARM.Deploy.0 = Release|ARM
		{F55199EE-8907-47A3-A3F6-EE8B03801884}.Release|ARM64.ActiveCfg = Release|ARM64
		{F55199EE-8907-47A3-A3F6-EE8B03801884}.Release|ARM64.Build.0 = Release|ARM64
		{F55199EE-8907-47A3-A3F6-EE8B03801884}.Release|ARM64.Deploy.0 = Release|ARM64
		{F55199EE-8907-47A3-A3F6-EE8B03801884}.Release|x64.ActiveCfg = Release|x64
		{F55199EE-8907-47A3-A3F6-EE8B03801884}.Release|x64.Build.0 = Release|x64
		{F55199EE-8907-47A3-A3F6-EE8B03801884}.Release|x64.Deploy.0 = Release|x64
		{F55199EE-8907-47A3-A3F6-EE8B03801884}.Release|x86.ActiveCfg = Release|x86
		{F55199EE-8907-47A3-A3F6-EE8B03801884}.Release|x86.Build.0 = Release|x86
		{F55199EE-8907-47A3-A3F6-EE8B03801884}.Release|x86.Deploy.0 = Release|x86
	EndGlobalSection
	GlobalSection(SolutionProperties) = preSolution
		HideSolutionNode = FALSE
	EndGlobalSection
	GlobalSection(ExtensibilityGlobals) = postSolution
		SolutionGuid = {3CBF188F-8D10-4FA5-BF06-D3E6C95C5CE9}
	EndGlobalSection
EndGlobal
