Microsoft Visual Studio Solution File, Format Version 12.00
# Visual Studio Version 17
VisualStudioVersion = 17.0.31912.275
MinimumVisualStudioVersion = 15.0.26124.0
Project("{D954291E-2A0B-460D-934E-DC6B0785DB48}") = "CsvSplitter.Shared", "CsvSplitter.Shared\CsvSplitter.Shared.shproj", "{6279C845-92F8-4333-AB99-3D213163593C}"
EndProject
Project("{9344BDBB-3E7F-41FC-A0DD-8665D75EE146}") = "CsvSplitter.WPF", "CsvSplitter.WPF\CsvSplitter.WPF.csproj", "{5CC7202D-847A-4DD5-A6A9-0C1F93CC3DCA}"
EndProject
Project("{9344BDBB-3E7F-41FC-A0DD-8665D75EE146}") = "CsvSplitter.Wpf.Host", "CsvSplitter.WPF.Host\CsvSplitter.Wpf.Host.csproj", "{C45F9E9D-09C4-4561-95D1-999344F36CFA}"
EndProject
Project("{9344BDBB-3E7F-41FC-A0DD-8665D75EE146}") = "CsvSplitter.Installer", "CsvSplitter.Installer\CsvSplitter.Installer.vdproj", "{8BC332AB-447E-436E-AF57-CCAE638005E9}"
EndProject
Project("{FAE04EC0-301F-11D3-BF4B-00C04F79EFBC}") = "CsvSplitter.macOS", "CsvSplitter.macOS\CsvSplitter.macOS.csproj", "{1D1B5267-CECC-4099-A16C-F758E5C652B3}"
EndProject
Global
	GlobalSection(SharedMSBuildProjectFiles) = preSolution
		CsvSplitter.Shared\CsvSplitter.Shared.projitems*{3763f493-0d44-4629-80e3-6aa55c66e7d2}*SharedItemsImports = 5
		CsvSplitter.Shared\CsvSplitter.Shared.projitems*{6279c845-92f8-4333-ab99-3d213163593c}*SharedItemsImports = 13
	EndGlobalSection
	GlobalSection(SolutionConfigurationPlatforms) = preSolution
		Debug|Any CPU = Debug|Any CPU
		Debug|ARM = Debug|ARM
		Debug|ARM64 = Debug|ARM64
		Debug|iPhone = Debug|iPhone
		Debug|iPhoneSimulator = Debug|iPhoneSimulator
		Debug|x64 = Debug|x64
		Debug|x86 = Debug|x86
		Release|Any CPU = Release|Any CPU
		Release|ARM = Release|ARM
		Release|ARM64 = Release|ARM64
		Release|iPhone = Release|iPhone
		Release|iPhoneSimulator = Release|iPhoneSimulator
		Release|x64 = Release|x64
		Release|x86 = Release|x86
	EndGlobalSection
	GlobalSection(ProjectConfigurationPlatforms) = postSolution
		{5CC7202D-847A-4DD5-A6A9-0C1F93CC3DCA}.Debug|Any CPU.ActiveCfg = Debug|Any CPU
		{5CC7202D-847A-4DD5-A6A9-0C1F93CC3DCA}.Debug|Any CPU.Build.0 = Debug|Any CPU
		{5CC7202D-847A-4DD5-A6A9-0C1F93CC3DCA}.Debug|Any CPU.Deploy.0 = Debug|Any CPU
		{5CC7202D-847A-4DD5-A6A9-0C1F93CC3DCA}.Debug|ARM.ActiveCfg = Debug|Any CPU
		{5CC7202D-847A-4DD5-A6A9-0C1F93CC3DCA}.Debug|ARM.Build.0 = Debug|Any CPU
		{5CC7202D-847A-4DD5-A6A9-0C1F93CC3DCA}.Debug|ARM.Deploy.0 = Debug|Any CPU
		{5CC7202D-847A-4DD5-A6A9-0C1F93CC3DCA}.Debug|ARM64.ActiveCfg = Debug|Any CPU
		{5CC7202D-847A-4DD5-A6A9-0C1F93CC3DCA}.Debug|ARM64.Build.0 = Debug|Any CPU
		{5CC7202D-847A-4DD5-A6A9-0C1F93CC3DCA}.Debug|ARM64.Deploy.0 = Debug|Any CPU
		{5CC7202D-847A-4DD5-A6A9-0C1F93CC3DCA}.Debug|iPhone.ActiveCfg = Debug|Any CPU
		{5CC7202D-847A-4DD5-A6A9-0C1F93CC3DCA}.Debug|iPhone.Build.0 = Debug|Any CPU
		{5CC7202D-847A-4DD5-A6A9-0C1F93CC3DCA}.Debug|iPhone.Deploy.0 = Debug|Any CPU
		{5CC7202D-847A-4DD5-A6A9-0C1F93CC3DCA}.Debug|iPhoneSimulator.ActiveCfg = Debug|Any CPU
		{5CC7202D-847A-4DD5-A6A9-0C1F93CC3DCA}.Debug|iPhoneSimulator.Build.0 = Debug|Any CPU
		{5CC7202D-847A-4DD5-A6A9-0C1F93CC3DCA}.Debug|iPhoneSimulator.Deploy.0 = Debug|Any CPU
		{5CC7202D-847A-4DD5-A6A9-0C1F93CC3DCA}.Debug|x64.ActiveCfg = Debug|Any CPU
		{5CC7202D-847A-4DD5-A6A9-0C1F93CC3DCA}.Debug|x64.Build.0 = Debug|Any CPU
		{5CC7202D-847A-4DD5-A6A9-0C1F93CC3DCA}.Debug|x64.Deploy.0 = Debug|Any CPU
		{5CC7202D-847A-4DD5-A6A9-0C1F93CC3DCA}.Debug|x86.ActiveCfg = Debug|Any CPU
		{5CC7202D-847A-4DD5-A6A9-0C1F93CC3DCA}.Debug|x86.Build.0 = Debug|Any CPU
		{5CC7202D-847A-4DD5-A6A9-0C1F93CC3DCA}.Debug|x86.Deploy.0 = Debug|Any CPU
		{5CC7202D-847A-4DD5-A6A9-0C1F93CC3DCA}.Release|Any CPU.ActiveCfg = Release|Any CPU
		{5CC7202D-847A-4DD5-A6A9-0C1F93CC3DCA}.Release|Any CPU.Build.0 = Release|Any CPU
		{5CC7202D-847A-4DD5-A6A9-0C1F93CC3DCA}.Release|ARM.ActiveCfg = Release|Any CPU
		{5CC7202D-847A-4DD5-A6A9-0C1F93CC3DCA}.Release|ARM.Build.0 = Release|Any CPU
		{5CC7202D-847A-4DD5-A6A9-0C1F93CC3DCA}.Release|ARM.Deploy.0 = Release|Any CPU
		{5CC7202D-847A-4DD5-A6A9-0C1F93CC3DCA}.Release|ARM64.ActiveCfg = Release|Any CPU
		{5CC7202D-847A-4DD5-A6A9-0C1F93CC3DCA}.Release|ARM64.Build.0 = Release|Any CPU
		{5CC7202D-847A-4DD5-A6A9-0C1F93CC3DCA}.Release|ARM64.Deploy.0 = Release|Any CPU
		{5CC7202D-847A-4DD5-A6A9-0C1F93CC3DCA}.Release|iPhone.ActiveCfg = Release|Any CPU
		{5CC7202D-847A-4DD5-A6A9-0C1F93CC3DCA}.Release|iPhone.Build.0 = Release|Any CPU
		{5CC7202D-847A-4DD5-A6A9-0C1F93CC3DCA}.Release|iPhoneSimulator.ActiveCfg = Release|Any CPU
		{5CC7202D-847A-4DD5-A6A9-0C1F93CC3DCA}.Release|iPhoneSimulator.Build.0 = Release|Any CPU
		{5CC7202D-847A-4DD5-A6A9-0C1F93CC3DCA}.Release|iPhoneSimulator.Deploy.0 = Release|Any CPU
		{5CC7202D-847A-4DD5-A6A9-0C1F93CC3DCA}.Release|x64.ActiveCfg = Release|Any CPU
		{5CC7202D-847A-4DD5-A6A9-0C1F93CC3DCA}.Release|x64.Build.0 = Release|Any CPU
		{5CC7202D-847A-4DD5-A6A9-0C1F93CC3DCA}.Release|x64.Deploy.0 = Release|Any CPU
		{5CC7202D-847A-4DD5-A6A9-0C1F93CC3DCA}.Release|x86.ActiveCfg = Release|Any CPU
		{5CC7202D-847A-4DD5-A6A9-0C1F93CC3DCA}.Release|x86.Build.0 = Release|Any CPU
		{5CC7202D-847A-4DD5-A6A9-0C1F93CC3DCA}.Release|x86.Deploy.0 = Release|Any CPU
		{C45F9E9D-09C4-4561-95D1-999344F36CFA}.Debug|Any CPU.ActiveCfg = Debug|Any CPU
		{C45F9E9D-09C4-4561-95D1-999344F36CFA}.Debug|Any CPU.Build.0 = Debug|Any CPU
		{C45F9E9D-09C4-4561-95D1-999344F36CFA}.Debug|ARM.ActiveCfg = Debug|Any CPU
		{C45F9E9D-09C4-4561-95D1-999344F36CFA}.Debug|ARM.Build.0 = Debug|Any CPU
		{C45F9E9D-09C4-4561-95D1-999344F36CFA}.Debug|ARM64.ActiveCfg = Debug|Any CPU
		{C45F9E9D-09C4-4561-95D1-999344F36CFA}.Debug|ARM64.Build.0 = Debug|Any CPU
		{C45F9E9D-09C4-4561-95D1-999344F36CFA}.Debug|iPhone.ActiveCfg = Debug|Any CPU
		{C45F9E9D-09C4-4561-95D1-999344F36CFA}.Debug|iPhone.Build.0 = Debug|Any CPU
		{C45F9E9D-09C4-4561-95D1-999344F36CFA}.Debug|iPhoneSimulator.ActiveCfg = Debug|Any CPU
		{C45F9E9D-09C4-4561-95D1-999344F36CFA}.Debug|iPhoneSimulator.Build.0 = Debug|Any CPU
		{C45F9E9D-09C4-4561-95D1-999344F36CFA}.Debug|x64.ActiveCfg = Debug|Any CPU
		{C45F9E9D-09C4-4561-95D1-999344F36CFA}.Debug|x64.Build.0 = Debug|Any CPU
		{C45F9E9D-09C4-4561-95D1-999344F36CFA}.Debug|x86.ActiveCfg = Debug|Any CPU
		{C45F9E9D-09C4-4561-95D1-999344F36CFA}.Debug|x86.Build.0 = Debug|Any CPU
		{C45F9E9D-09C4-4561-95D1-999344F36CFA}.Release|Any CPU.ActiveCfg = Release|Any CPU
		{C45F9E9D-09C4-4561-95D1-999344F36CFA}.Release|Any CPU.Build.0 = Release|Any CPU
		{C45F9E9D-09C4-4561-95D1-999344F36CFA}.Release|ARM.ActiveCfg = Release|Any CPU
		{C45F9E9D-09C4-4561-95D1-999344F36CFA}.Release|ARM.Build.0 = Release|Any CPU
		{C45F9E9D-09C4-4561-95D1-999344F36CFA}.Release|ARM64.ActiveCfg = Release|Any CPU
		{C45F9E9D-09C4-4561-95D1-999344F36CFA}.Release|ARM64.Build.0 = Release|Any CPU
		{C45F9E9D-09C4-4561-95D1-999344F36CFA}.Release|iPhone.ActiveCfg = Release|Any CPU
		{C45F9E9D-09C4-4561-95D1-999344F36CFA}.Release|iPhone.Build.0 = Release|Any CPU
		{C45F9E9D-09C4-4561-95D1-999344F36CFA}.Release|iPhoneSimulator.ActiveCfg = Release|Any CPU
		{C45F9E9D-09C4-4561-95D1-999344F36CFA}.Release|iPhoneSimulator.Build.0 = Release|Any CPU
		{C45F9E9D-09C4-4561-95D1-999344F36CFA}.Release|x64.ActiveCfg = Release|Any CPU
		{C45F9E9D-09C4-4561-95D1-999344F36CFA}.Release|x64.Build.0 = Release|Any CPU
		{C45F9E9D-09C4-4561-95D1-999344F36CFA}.Release|x86.ActiveCfg = Release|Any CPU
		{C45F9E9D-09C4-4561-95D1-999344F36CFA}.Release|x86.Build.0 = Release|Any CPU
		{8BC332AB-447E-436E-AF57-CCAE638005E9}.Debug|Any CPU.ActiveCfg = Debug|Any CPU
		{8BC332AB-447E-436E-AF57-CCAE638005E9}.Debug|ARM.ActiveCfg = Debug|Any CPU
		{8BC332AB-447E-436E-AF57-CCAE638005E9}.Debug|ARM64.ActiveCfg = Debug|Any CPU
		{8BC332AB-447E-436E-AF57-CCAE638005E9}.Debug|iPhone.ActiveCfg = Debug|Any CPU
		{8BC332AB-447E-436E-AF57-CCAE638005E9}.Debug|iPhoneSimulator.ActiveCfg = Debug|Any CPU
		{8BC332AB-447E-436E-AF57-CCAE638005E9}.Debug|x64.ActiveCfg = Debug|Any CPU
		{8BC332AB-447E-436E-AF57-CCAE638005E9}.Debug|x86.ActiveCfg = Debug|Any CPU
		{8BC332AB-447E-436E-AF57-CCAE638005E9}.Release|Any CPU.ActiveCfg = Release|Any CPU
		{8BC332AB-447E-436E-AF57-CCAE638005E9}.Release|ARM.ActiveCfg = Release|Any CPU
		{8BC332AB-447E-436E-AF57-CCAE638005E9}.Release|ARM64.ActiveCfg = Release|Any CPU
		{8BC332AB-447E-436E-AF57-CCAE638005E9}.Release|iPhone.ActiveCfg = Release|Any CPU
		{8BC332AB-447E-436E-AF57-CCAE638005E9}.Release|iPhoneSimulator.ActiveCfg = Release|Any CPU
		{8BC332AB-447E-436E-AF57-CCAE638005E9}.Release|x64.ActiveCfg = Release|Any CPU
		{8BC332AB-447E-436E-AF57-CCAE638005E9}.Release|x86.ActiveCfg = Release|Any CPU
		{1D1B5267-CECC-4099-A16C-F758E5C652B3}.Debug|Any CPU.ActiveCfg = Debug|iPhoneSimulator
		{1D1B5267-CECC-4099-A16C-F758E5C652B3}.Debug|Any CPU.Build.0 = Debug|iPhoneSimulator
		{1D1B5267-CECC-4099-A16C-F758E5C652B3}.Debug|ARM.ActiveCfg = Debug|iPhoneSimulator
		{1D1B5267-CECC-4099-A16C-F758E5C652B3}.Debug|ARM.Build.0 = Debug|iPhoneSimulator
		{1D1B5267-CECC-4099-A16C-F758E5C652B3}.Debug|ARM64.ActiveCfg = Debug|iPhoneSimulator
		{1D1B5267-CECC-4099-A16C-F758E5C652B3}.Debug|ARM64.Build.0 = Debug|iPhoneSimulator
		{1D1B5267-CECC-4099-A16C-F758E5C652B3}.Debug|iPhone.ActiveCfg = Debug|iPhoneSimulator
		{1D1B5267-CECC-4099-A16C-F758E5C652B3}.Debug|iPhone.Build.0 = Debug|iPhoneSimulator
		{1D1B5267-CECC-4099-A16C-F758E5C652B3}.Debug|iPhoneSimulator.ActiveCfg = Debug|iPhoneSimulator
		{1D1B5267-CECC-4099-A16C-F758E5C652B3}.Debug|iPhoneSimulator.Build.0 = Debug|iPhoneSimulator
		{1D1B5267-CECC-4099-A16C-F758E5C652B3}.Debug|x64.ActiveCfg = Debug|iPhoneSimulator
		{1D1B5267-CECC-4099-A16C-F758E5C652B3}.Debug|x64.Build.0 = Debug|iPhoneSimulator
		{1D1B5267-CECC-4099-A16C-F758E5C652B3}.Debug|x86.ActiveCfg = Debug|iPhoneSimulator
		{1D1B5267-CECC-4099-A16C-F758E5C652B3}.Debug|x86.Build.0 = Debug|iPhoneSimulator
		{1D1B5267-CECC-4099-A16C-F758E5C652B3}.Release|Any CPU.ActiveCfg = Release|iPhoneSimulator
		{1D1B5267-CECC-4099-A16C-F758E5C652B3}.Release|Any CPU.Build.0 = Release|iPhoneSimulator
		{1D1B5267-CECC-4099-A16C-F758E5C652B3}.Release|ARM.ActiveCfg = Release|iPhoneSimulator
		{1D1B5267-CECC-4099-A16C-F758E5C652B3}.Release|ARM.Build.0 = Release|iPhoneSimulator
		{1D1B5267-CECC-4099-A16C-F758E5C652B3}.Release|ARM64.ActiveCfg = Release|iPhoneSimulator
		{1D1B5267-CECC-4099-A16C-F758E5C652B3}.Release|ARM64.Build.0 = Release|iPhoneSimulator
		{1D1B5267-CECC-4099-A16C-F758E5C652B3}.Release|iPhone.ActiveCfg = Release|iPhoneSimulator
		{1D1B5267-CECC-4099-A16C-F758E5C652B3}.Release|iPhone.Build.0 = Release|iPhoneSimulator
		{1D1B5267-CECC-4099-A16C-F758E5C652B3}.Release|iPhoneSimulator.ActiveCfg = Release|iPhoneSimulator
		{1D1B5267-CECC-4099-A16C-F758E5C652B3}.Release|iPhoneSimulator.Build.0 = Release|iPhoneSimulator
		{1D1B5267-CECC-4099-A16C-F758E5C652B3}.Release|x64.ActiveCfg = Release|iPhoneSimulator
		{1D1B5267-CECC-4099-A16C-F758E5C652B3}.Release|x64.Build.0 = Release|iPhoneSimulator
		{1D1B5267-CECC-4099-A16C-F758E5C652B3}.Release|x86.ActiveCfg = Release|iPhoneSimulator
		{1D1B5267-CECC-4099-A16C-F758E5C652B3}.Release|x86.Build.0 = Release|iPhoneSimulator
	EndGlobalSection
	GlobalSection(SolutionProperties) = preSolution
		HideSolutionNode = FALSE
	EndGlobalSection
	GlobalSection(ExtensibilityGlobals) = postSolution
		SolutionGuid = {C7433AE2-B1A0-4C1A-887E-5CAA7AAF67A6}
	EndGlobalSection
EndGlobal
